// !$*UTF8*$!
{
	archiveVersion = 1;
	classes = {
	};
	objectVersion = 56;
	objects = {

/* Begin PBXBuildFile section */
		6581637E2C818C6000B57999 /* PokerApp.swift in Sources */ = {isa = PBXBuildFile; fileRef = 6581637D2C818C6000B57999 /* PokerApp.swift */; };
		658163802C818C6000B57999 /* ContentView.swift in Sources */ = {isa = PBXBuildFile; fileRef = 6581637F2C818C6000B57999 /* ContentView.swift */; };
		658163822C818C6200B57999 /* Assets.xcassets in Resources */ = {isa = PBXBuildFile; fileRef = 658163812C818C6100B57999 /* Assets.xcassets */; };
		658163852C818C6200B57999 /* Preview Assets.xcassets in Resources */ = {isa = PBXBuildFile; fileRef = 658163842C818C6200B57999 /* Preview Assets.xcassets */; };
		6581638F2C818C6200B57999 /* PokerTests.swift in Sources */ = {isa = PBXBuildFile; fileRef = 6581638E2C818C6200B57999 /* PokerTests.swift */; };
		658163992C818C6200B57999 /* PokerUITests.swift in Sources */ = {isa = PBXBuildFile; fileRef = 658163982C818C6200B57999 /* PokerUITests.swift */; };
		6581639B2C818C6200B57999 /* PokerUITestsLaunchTests.swift in Sources */ = {isa = PBXBuildFile; fileRef = 6581639A2C818C6200B57999 /* PokerUITestsLaunchTests.swift */; };
		65EDDDA82C8A84EE0064F8F9 /* GoogleService-Info.plist in Resources */ = {isa = PBXBuildFile; fileRef = 65EDDDA72C8A84EE0064F8F9 /* GoogleService-Info.plist */; };
		65EDDDB32C8AC9060064F8F9 /* FirebaseAnalytics in Frameworks */ = {isa = PBXBuildFile; productRef = 65EDDDB22C8AC9060064F8F9 /* FirebaseAnalytics */; };
		65EDDDB52C8AC91E0064F8F9 /* FirebaseAnalyticsOnDeviceConversion in Frameworks */ = {isa = PBXBuildFile; productRef = 65EDDDB42C8AC91E0064F8F9 /* FirebaseAnalyticsOnDeviceConversion */; };
		65EDDDB72C8AC91E0064F8F9 /* FirebaseAnalyticsWithoutAdIdSupport in Frameworks */ = {isa = PBXBuildFile; productRef = 65EDDDB62C8AC91E0064F8F9 /* FirebaseAnalyticsWithoutAdIdSupport */; };
		65EDDDB92C8AC91E0064F8F9 /* FirebaseAppCheck in Frameworks */ = {isa = PBXBuildFile; productRef = 65EDDDB82C8AC91E0064F8F9 /* FirebaseAppCheck */; };
		65EDDDBB2C8AC91E0064F8F9 /* FirebaseAppDistribution-Beta in Frameworks */ = {isa = PBXBuildFile; productRef = 65EDDDBA2C8AC91E0064F8F9 /* FirebaseAppDistribution-Beta */; };
		65EDDDBD2C8AC91E0064F8F9 /* FirebaseAuth in Frameworks */ = {isa = PBXBuildFile; productRef = 65EDDDBC2C8AC91E0064F8F9 /* FirebaseAuth */; };
		65EDDDBF2C8AC91E0064F8F9 /* FirebaseAuthCombine-Community in Frameworks */ = {isa = PBXBuildFile; productRef = 65EDDDBE2C8AC91E0064F8F9 /* FirebaseAuthCombine-Community */; };
		65EDDDC12C8AC91E0064F8F9 /* FirebaseCrashlytics in Frameworks */ = {isa = PBXBuildFile; productRef = 65EDDDC02C8AC91E0064F8F9 /* FirebaseCrashlytics */; };
		65EDDDC32C8AC91E0064F8F9 /* FirebaseDatabase in Frameworks */ = {isa = PBXBuildFile; productRef = 65EDDDC22C8AC91E0064F8F9 /* FirebaseDatabase */; };
		65EDDDC52C8AC91E0064F8F9 /* FirebaseDynamicLinks in Frameworks */ = {isa = PBXBuildFile; productRef = 65EDDDC42C8AC91E0064F8F9 /* FirebaseDynamicLinks */; };
		65EDDDC72C8AC91E0064F8F9 /* FirebaseFirestore in Frameworks */ = {isa = PBXBuildFile; productRef = 65EDDDC62C8AC91E0064F8F9 /* FirebaseFirestore */; };
		65EDDDC92C8AC91E0064F8F9 /* FirebaseFirestoreCombine-Community in Frameworks */ = {isa = PBXBuildFile; productRef = 65EDDDC82C8AC91E0064F8F9 /* FirebaseFirestoreCombine-Community */; };
		65EDDDCB2C8AC91E0064F8F9 /* FirebaseFunctions in Frameworks */ = {isa = PBXBuildFile; productRef = 65EDDDCA2C8AC91E0064F8F9 /* FirebaseFunctions */; };
		65EDDDCD2C8AC91E0064F8F9 /* FirebaseFunctionsCombine-Community in Frameworks */ = {isa = PBXBuildFile; productRef = 65EDDDCC2C8AC91E0064F8F9 /* FirebaseFunctionsCombine-Community */; };
		65EDDDCF2C8AC91E0064F8F9 /* FirebaseInAppMessaging-Beta in Frameworks */ = {isa = PBXBuildFile; productRef = 65EDDDCE2C8AC91E0064F8F9 /* FirebaseInAppMessaging-Beta */; };
		65EDDDD12C8AC91E0064F8F9 /* FirebaseInstallations in Frameworks */ = {isa = PBXBuildFile; productRef = 65EDDDD02C8AC91E0064F8F9 /* FirebaseInstallations */; };
		65EDDDD32C8AC91E0064F8F9 /* FirebaseMessaging in Frameworks */ = {isa = PBXBuildFile; productRef = 65EDDDD22C8AC91E0064F8F9 /* FirebaseMessaging */; };
		65EDDDD52C8AC91E0064F8F9 /* FirebaseMLModelDownloader in Frameworks */ = {isa = PBXBuildFile; productRef = 65EDDDD42C8AC91E0064F8F9 /* FirebaseMLModelDownloader */; };
		65EDDDD72C8AC91E0064F8F9 /* FirebasePerformance in Frameworks */ = {isa = PBXBuildFile; productRef = 65EDDDD62C8AC91E0064F8F9 /* FirebasePerformance */; };
		65EDDDD92C8AC91E0064F8F9 /* FirebaseRemoteConfig in Frameworks */ = {isa = PBXBuildFile; productRef = 65EDDDD82C8AC91E0064F8F9 /* FirebaseRemoteConfig */; };
		65EDDDDB2C8AC91E0064F8F9 /* FirebaseStorage in Frameworks */ = {isa = PBXBuildFile; productRef = 65EDDDDA2C8AC91E0064F8F9 /* FirebaseStorage */; };
		65EDDDDD2C8AC91E0064F8F9 /* FirebaseStorageCombine-Community in Frameworks */ = {isa = PBXBuildFile; productRef = 65EDDDDC2C8AC91E0064F8F9 /* FirebaseStorageCombine-Community */; };
		65EDDDDF2C8AC91E0064F8F9 /* FirebaseVertexAI-Preview in Frameworks */ = {isa = PBXBuildFile; productRef = 65EDDDDE2C8AC91E0064F8F9 /* FirebaseVertexAI-Preview */; };
		65EDDDE52C8AD3040064F8F9 /* FirestoreService.swift in Sources */ = {isa = PBXBuildFile; fileRef = 65EDDDE42C8AD3040064F8F9 /* FirestoreService.swift */; };
		65EDDDEA2C8B8F250064F8F9 /* DealerService.swift in Sources */ = {isa = PBXBuildFile; fileRef = 65EDDDE92C8B8F250064F8F9 /* DealerService.swift */; };
		65EDDDEF2C8BBCBA0064F8F9 /* DeckOfPlayingCards in Frameworks */ = {isa = PBXBuildFile; productRef = 65EDDDEE2C8BBCBA0064F8F9 /* DeckOfPlayingCards */; };
/* End PBXBuildFile section */

/* Begin PBXContainerItemProxy section */
		6581638B2C818C6200B57999 /* PBXContainerItemProxy */ = {
			isa = PBXContainerItemProxy;
			containerPortal = 658163722C818C5F00B57999 /* Project object */;
			proxyType = 1;
			remoteGlobalIDString = 658163792C818C6000B57999;
			remoteInfo = Poker;
		};
		658163952C818C6200B57999 /* PBXContainerItemProxy */ = {
			isa = PBXContainerItemProxy;
			containerPortal = 658163722C818C5F00B57999 /* Project object */;
			proxyType = 1;
			remoteGlobalIDString = 658163792C818C6000B57999;
			remoteInfo = Poker;
		};
/* End PBXContainerItemProxy section */

/* Begin PBXFileReference section */
		6581637A2C818C6000B57999 /* Poker.app */ = {isa = PBXFileReference; explicitFileType = wrapper.application; includeInIndex = 0; path = Poker.app; sourceTree = BUILT_PRODUCTS_DIR; };
		6581637D2C818C6000B57999 /* PokerApp.swift */ = {isa = PBXFileReference; lastKnownFileType = sourcecode.swift; path = PokerApp.swift; sourceTree = "<group>"; };
		6581637F2C818C6000B57999 /* ContentView.swift */ = {isa = PBXFileReference; lastKnownFileType = sourcecode.swift; path = ContentView.swift; sourceTree = "<group>"; };
		658163812C818C6100B57999 /* Assets.xcassets */ = {isa = PBXFileReference; lastKnownFileType = folder.assetcatalog; path = Assets.xcassets; sourceTree = "<group>"; };
		658163842C818C6200B57999 /* Preview Assets.xcassets */ = {isa = PBXFileReference; lastKnownFileType = folder.assetcatalog; path = "Preview Assets.xcassets"; sourceTree = "<group>"; };
		6581638A2C818C6200B57999 /* PokerTests.xctest */ = {isa = PBXFileReference; explicitFileType = wrapper.cfbundle; includeInIndex = 0; path = PokerTests.xctest; sourceTree = BUILT_PRODUCTS_DIR; };
		6581638E2C818C6200B57999 /* PokerTests.swift */ = {isa = PBXFileReference; lastKnownFileType = sourcecode.swift; path = PokerTests.swift; sourceTree = "<group>"; };
		658163942C818C6200B57999 /* PokerUITests.xctest */ = {isa = PBXFileReference; explicitFileType = wrapper.cfbundle; includeInIndex = 0; path = PokerUITests.xctest; sourceTree = BUILT_PRODUCTS_DIR; };
		658163982C818C6200B57999 /* PokerUITests.swift */ = {isa = PBXFileReference; lastKnownFileType = sourcecode.swift; path = PokerUITests.swift; sourceTree = "<group>"; };
		6581639A2C818C6200B57999 /* PokerUITestsLaunchTests.swift */ = {isa = PBXFileReference; lastKnownFileType = sourcecode.swift; path = PokerUITestsLaunchTests.swift; sourceTree = "<group>"; };
		65EDDDA72C8A84EE0064F8F9 /* GoogleService-Info.plist */ = {isa = PBXFileReference; fileEncoding = 4; lastKnownFileType = text.plist.xml; name = "GoogleService-Info.plist"; path = "../../../../Downloads/GoogleService-Info.plist"; sourceTree = "<group>"; };
		65EDDDE42C8AD3040064F8F9 /* FirestoreService.swift */ = {isa = PBXFileReference; lastKnownFileType = sourcecode.swift; path = FirestoreService.swift; sourceTree = "<group>"; };
		65EDDDE92C8B8F250064F8F9 /* DealerService.swift */ = {isa = PBXFileReference; lastKnownFileType = sourcecode.swift; path = DealerService.swift; sourceTree = "<group>"; };
/* End PBXFileReference section */

/* Begin PBXFrameworksBuildPhase section */
		658163772C818C6000B57999 /* Frameworks */ = {
			isa = PBXFrameworksBuildPhase;
			buildActionMask = 2147483647;
			files = (
				65EDDDDD2C8AC91E0064F8F9 /* FirebaseStorageCombine-Community in Frameworks */,
				65EDDDB92C8AC91E0064F8F9 /* FirebaseAppCheck in Frameworks */,
				65EDDDBD2C8AC91E0064F8F9 /* FirebaseAuth in Frameworks */,
				65EDDDB32C8AC9060064F8F9 /* FirebaseAnalytics in Frameworks */,
				65EDDDBB2C8AC91E0064F8F9 /* FirebaseAppDistribution-Beta in Frameworks */,
				65EDDDB72C8AC91E0064F8F9 /* FirebaseAnalyticsWithoutAdIdSupport in Frameworks */,
				65EDDDC12C8AC91E0064F8F9 /* FirebaseCrashlytics in Frameworks */,
				65EDDDC32C8AC91E0064F8F9 /* FirebaseDatabase in Frameworks */,
				65EDDDCD2C8AC91E0064F8F9 /* FirebaseFunctionsCombine-Community in Frameworks */,
				65EDDDBF2C8AC91E0064F8F9 /* FirebaseAuthCombine-Community in Frameworks */,
				65EDDDD32C8AC91E0064F8F9 /* FirebaseMessaging in Frameworks */,
				65EDDDB52C8AC91E0064F8F9 /* FirebaseAnalyticsOnDeviceConversion in Frameworks */,
				65EDDDDB2C8AC91E0064F8F9 /* FirebaseStorage in Frameworks */,
				65EDDDCB2C8AC91E0064F8F9 /* FirebaseFunctions in Frameworks */,
				65EDDDD12C8AC91E0064F8F9 /* FirebaseInstallations in Frameworks */,
				65EDDDEF2C8BBCBA0064F8F9 /* DeckOfPlayingCards in Frameworks */,
				65EDDDC92C8AC91E0064F8F9 /* FirebaseFirestoreCombine-Community in Frameworks */,
				65EDDDD72C8AC91E0064F8F9 /* FirebasePerformance in Frameworks */,
				65EDDDC72C8AC91E0064F8F9 /* FirebaseFirestore in Frameworks */,
				65EDDDD52C8AC91E0064F8F9 /* FirebaseMLModelDownloader in Frameworks */,
				65EDDDC52C8AC91E0064F8F9 /* FirebaseDynamicLinks in Frameworks */,
				65EDDDCF2C8AC91E0064F8F9 /* FirebaseInAppMessaging-Beta in Frameworks */,
				65EDDDDF2C8AC91E0064F8F9 /* FirebaseVertexAI-Preview in Frameworks */,
				65EDDDD92C8AC91E0064F8F9 /* FirebaseRemoteConfig in Frameworks */,
			);
			runOnlyForDeploymentPostprocessing = 0;
		};
		658163872C818C6200B57999 /* Frameworks */ = {
			isa = PBXFrameworksBuildPhase;
			buildActionMask = 2147483647;
			files = (
			);
			runOnlyForDeploymentPostprocessing = 0;
		};
		658163912C818C6200B57999 /* Frameworks */ = {
			isa = PBXFrameworksBuildPhase;
			buildActionMask = 2147483647;
			files = (
			);
			runOnlyForDeploymentPostprocessing = 0;
		};
/* End PBXFrameworksBuildPhase section */

/* Begin PBXGroup section */
		658163712C818C5F00B57999 = {
			isa = PBXGroup;
			children = (
				6581637C2C818C6000B57999 /* Poker */,
				6581638D2C818C6200B57999 /* PokerTests */,
				658163972C818C6200B57999 /* PokerUITests */,
				6581637B2C818C6000B57999 /* Products */,
				65EDDDAA2C8AC4EB0064F8F9 /* Frameworks */,
			);
			sourceTree = "<group>";
		};
		6581637B2C818C6000B57999 /* Products */ = {
			isa = PBXGroup;
			children = (
				6581637A2C818C6000B57999 /* Poker.app */,
				6581638A2C818C6200B57999 /* PokerTests.xctest */,
				658163942C818C6200B57999 /* PokerUITests.xctest */,
			);
			name = Products;
			sourceTree = "<group>";
		};
		6581637C2C818C6000B57999 /* Poker */ = {
			isa = PBXGroup;
			children = (
				65EDDDE32C8AD2DA0064F8F9 /* Services */,
				65EDDDE02C8AD1DF0064F8F9 /* Views */,
				65EDDDA72C8A84EE0064F8F9 /* GoogleService-Info.plist */,
				6581637D2C818C6000B57999 /* PokerApp.swift */,
				658163812C818C6100B57999 /* Assets.xcassets */,
				658163832C818C6200B57999 /* Preview Content */,
			);
			path = Poker;
			sourceTree = "<group>";
		};
		658163832C818C6200B57999 /* Preview Content */ = {
			isa = PBXGroup;
			children = (
				658163842C818C6200B57999 /* Preview Assets.xcassets */,
			);
			path = "Preview Content";
			sourceTree = "<group>";
		};
		6581638D2C818C6200B57999 /* PokerTests */ = {
			isa = PBXGroup;
			children = (
				6581638E2C818C6200B57999 /* PokerTests.swift */,
			);
			path = PokerTests;
			sourceTree = "<group>";
		};
		658163972C818C6200B57999 /* PokerUITests */ = {
			isa = PBXGroup;
			children = (
				658163982C818C6200B57999 /* PokerUITests.swift */,
				6581639A2C818C6200B57999 /* PokerUITestsLaunchTests.swift */,
			);
			path = PokerUITests;
			sourceTree = "<group>";
		};
		65EDDDAA2C8AC4EB0064F8F9 /* Frameworks */ = {
			isa = PBXGroup;
			children = (
			);
			name = Frameworks;
			sourceTree = "<group>";
		};
		65EDDDE02C8AD1DF0064F8F9 /* Views */ = {
			isa = PBXGroup;
			children = (
				6581637F2C818C6000B57999 /* ContentView.swift */,
			);
			path = Views;
			sourceTree = "<group>";
		};
		65EDDDE32C8AD2DA0064F8F9 /* Services */ = {
			isa = PBXGroup;
			children = (
				65EDDDE42C8AD3040064F8F9 /* FirestoreService.swift */,
				65EDDDE92C8B8F250064F8F9 /* DealerService.swift */,
			);
			path = Services;
			sourceTree = "<group>";
		};
/* End PBXGroup section */

/* Begin PBXNativeTarget section */
		658163792C818C6000B57999 /* Poker */ = {
			isa = PBXNativeTarget;
			buildConfigurationList = 6581639E2C818C6200B57999 /* Build configuration list for PBXNativeTarget "Poker" */;
			buildPhases = (
				658163762C818C6000B57999 /* Sources */,
				658163772C818C6000B57999 /* Frameworks */,
				658163782C818C6000B57999 /* Resources */,
			);
			buildRules = (
			);
			dependencies = (
				65EDDDEC2C8BAE790064F8F9 /* PBXTargetDependency */,
			);
			name = Poker;
			packageProductDependencies = (
				65EDDDB22C8AC9060064F8F9 /* FirebaseAnalytics */,
				65EDDDB42C8AC91E0064F8F9 /* FirebaseAnalyticsOnDeviceConversion */,
				65EDDDB62C8AC91E0064F8F9 /* FirebaseAnalyticsWithoutAdIdSupport */,
				65EDDDB82C8AC91E0064F8F9 /* FirebaseAppCheck */,
				65EDDDBA2C8AC91E0064F8F9 /* FirebaseAppDistribution-Beta */,
				65EDDDBC2C8AC91E0064F8F9 /* FirebaseAuth */,
				65EDDDBE2C8AC91E0064F8F9 /* FirebaseAuthCombine-Community */,
				65EDDDC02C8AC91E0064F8F9 /* FirebaseCrashlytics */,
				65EDDDC22C8AC91E0064F8F9 /* FirebaseDatabase */,
				65EDDDC42C8AC91E0064F8F9 /* FirebaseDynamicLinks */,
				65EDDDC62C8AC91E0064F8F9 /* FirebaseFirestore */,
				65EDDDC82C8AC91E0064F8F9 /* FirebaseFirestoreCombine-Community */,
				65EDDDCA2C8AC91E0064F8F9 /* FirebaseFunctions */,
				65EDDDCC2C8AC91E0064F8F9 /* FirebaseFunctionsCombine-Community */,
				65EDDDCE2C8AC91E0064F8F9 /* FirebaseInAppMessaging-Beta */,
				65EDDDD02C8AC91E0064F8F9 /* FirebaseInstallations */,
				65EDDDD22C8AC91E0064F8F9 /* FirebaseMessaging */,
				65EDDDD42C8AC91E0064F8F9 /* FirebaseMLModelDownloader */,
				65EDDDD62C8AC91E0064F8F9 /* FirebasePerformance */,
				65EDDDD82C8AC91E0064F8F9 /* FirebaseRemoteConfig */,
				65EDDDDA2C8AC91E0064F8F9 /* FirebaseStorage */,
				65EDDDDC2C8AC91E0064F8F9 /* FirebaseStorageCombine-Community */,
				65EDDDDE2C8AC91E0064F8F9 /* FirebaseVertexAI-Preview */,
				65EDDDEE2C8BBCBA0064F8F9 /* DeckOfPlayingCards */,
			);
			productName = Poker;
			productReference = 6581637A2C818C6000B57999 /* Poker.app */;
			productType = "com.apple.product-type.application";
		};
		658163892C818C6200B57999 /* PokerTests */ = {
			isa = PBXNativeTarget;
			buildConfigurationList = 658163A12C818C6200B57999 /* Build configuration list for PBXNativeTarget "PokerTests" */;
			buildPhases = (
				658163862C818C6200B57999 /* Sources */,
				658163872C818C6200B57999 /* Frameworks */,
				658163882C818C6200B57999 /* Resources */,
			);
			buildRules = (
			);
			dependencies = (
				6581638C2C818C6200B57999 /* PBXTargetDependency */,
			);
			name = PokerTests;
			productName = PokerTests;
			productReference = 6581638A2C818C6200B57999 /* PokerTests.xctest */;
			productType = "com.apple.product-type.bundle.unit-test";
		};
		658163932C818C6200B57999 /* PokerUITests */ = {
			isa = PBXNativeTarget;
			buildConfigurationList = 658163A42C818C6200B57999 /* Build configuration list for PBXNativeTarget "PokerUITests" */;
			buildPhases = (
				658163902C818C6200B57999 /* Sources */,
				658163912C818C6200B57999 /* Frameworks */,
				658163922C818C6200B57999 /* Resources */,
			);
			buildRules = (
			);
			dependencies = (
				658163962C818C6200B57999 /* PBXTargetDependency */,
			);
			name = PokerUITests;
			productName = PokerUITests;
			productReference = 658163942C818C6200B57999 /* PokerUITests.xctest */;
			productType = "com.apple.product-type.bundle.ui-testing";
		};
/* End PBXNativeTarget section */

/* Begin PBXProject section */
		658163722C818C5F00B57999 /* Project object */ = {
			isa = PBXProject;
			attributes = {
				BuildIndependentTargetsInParallel = 1;
				LastSwiftUpdateCheck = 1540;
				LastUpgradeCheck = 1540;
				TargetAttributes = {
					658163792C818C6000B57999 = {
						CreatedOnToolsVersion = 15.4;
					};
					658163892C818C6200B57999 = {
						CreatedOnToolsVersion = 15.4;
						TestTargetID = 658163792C818C6000B57999;
					};
					658163932C818C6200B57999 = {
						CreatedOnToolsVersion = 15.4;
						TestTargetID = 658163792C818C6000B57999;
					};
				};
			};
			buildConfigurationList = 658163752C818C5F00B57999 /* Build configuration list for PBXProject "Poker" */;
			compatibilityVersion = "Xcode 14.0";
			developmentRegion = en;
			hasScannedForEncodings = 0;
			knownRegions = (
				en,
				Base,
			);
			mainGroup = 658163712C818C5F00B57999;
			packageReferences = (
				65EDDDA92C8A88410064F8F9 /* XCRemoteSwiftPackageReference "firebase-ios-sdk" */,
				65EDDDED2C8BBCBA0064F8F9 /* XCRemoteSwiftPackageReference "example-package-deckofplayingcards" */,
			);
			productRefGroup = 6581637B2C818C6000B57999 /* Products */;
			projectDirPath = "";
			projectRoot = "";
			targets = (
				658163792C818C6000B57999 /* Poker */,
				658163892C818C6200B57999 /* PokerTests */,
				658163932C818C6200B57999 /* PokerUITests */,
			);
		};
/* End PBXProject section */

/* Begin PBXResourcesBuildPhase section */
		658163782C818C6000B57999 /* Resources */ = {
			isa = PBXResourcesBuildPhase;
			buildActionMask = 2147483647;
			files = (
				658163852C818C6200B57999 /* Preview Assets.xcassets in Resources */,
				658163822C818C6200B57999 /* Assets.xcassets in Resources */,
				65EDDDA82C8A84EE0064F8F9 /* GoogleService-Info.plist in Resources */,
			);
			runOnlyForDeploymentPostprocessing = 0;
		};
		658163882C818C6200B57999 /* Resources */ = {
			isa = PBXResourcesBuildPhase;
			buildActionMask = 2147483647;
			files = (
			);
			runOnlyForDeploymentPostprocessing = 0;
		};
		658163922C818C6200B57999 /* Resources */ = {
			isa = PBXResourcesBuildPhase;
			buildActionMask = 2147483647;
			files = (
			);
			runOnlyForDeploymentPostprocessing = 0;
		};
/* End PBXResourcesBuildPhase section */

/* Begin PBXSourcesBuildPhase section */
		658163762C818C6000B57999 /* Sources */ = {
			isa = PBXSourcesBuildPhase;
			buildActionMask = 2147483647;
			files = (
				65EDDDEA2C8B8F250064F8F9 /* DealerService.swift in Sources */,
				658163802C818C6000B57999 /* ContentView.swift in Sources */,
				65EDDDE52C8AD3040064F8F9 /* FirestoreService.swift in Sources */,
				6581637E2C818C6000B57999 /* PokerApp.swift in Sources */,
			);
			runOnlyForDeploymentPostprocessing = 0;
		};
		658163862C818C6200B57999 /* Sources */ = {
			isa = PBXSourcesBuildPhase;
			buildActionMask = 2147483647;
			files = (
				6581638F2C818C6200B57999 /* PokerTests.swift in Sources */,
			);
			runOnlyForDeploymentPostprocessing = 0;
		};
		658163902C818C6200B57999 /* Sources */ = {
			isa = PBXSourcesBuildPhase;
			buildActionMask = 2147483647;
			files = (
				6581639B2C818C6200B57999 /* PokerUITestsLaunchTests.swift in Sources */,
				658163992C818C6200B57999 /* PokerUITests.swift in Sources */,
			);
			runOnlyForDeploymentPostprocessing = 0;
		};
/* End PBXSourcesBuildPhase section */

/* Begin PBXTargetDependency section */
		6581638C2C818C6200B57999 /* PBXTargetDependency */ = {
			isa = PBXTargetDependency;
			target = 658163792C818C6000B57999 /* Poker */;
			targetProxy = 6581638B2C818C6200B57999 /* PBXContainerItemProxy */;
		};
		658163962C818C6200B57999 /* PBXTargetDependency */ = {
			isa = PBXTargetDependency;
			target = 658163792C818C6000B57999 /* Poker */;
			targetProxy = 658163952C818C6200B57999 /* PBXContainerItemProxy */;
		};
		65EDDDEC2C8BAE790064F8F9 /* PBXTargetDependency */ = {
			isa = PBXTargetDependency;
			productRef = 65EDDDEB2C8BAE790064F8F9 /* Dealer */;
		};
/* End PBXTargetDependency section */

/* Begin XCBuildConfiguration section */
		6581639C2C818C6200B57999 /* Debug */ = {
			isa = XCBuildConfiguration;
			buildSettings = {
				ALWAYS_SEARCH_USER_PATHS = NO;
				ASSETCATALOG_COMPILER_GENERATE_SWIFT_ASSET_SYMBOL_EXTENSIONS = YES;
				CLANG_ANALYZER_NONNULL = YES;
				CLANG_ANALYZER_NUMBER_OBJECT_CONVERSION = YES_AGGRESSIVE;
				CLANG_CXX_LANGUAGE_STANDARD = "gnu++20";
				CLANG_ENABLE_MODULES = YES;
				CLANG_ENABLE_OBJC_ARC = YES;
				CLANG_ENABLE_OBJC_WEAK = YES;
				CLANG_WARN_BLOCK_CAPTURE_AUTORELEASING = YES;
				CLANG_WARN_BOOL_CONVERSION = YES;
				CLANG_WARN_COMMA = YES;
				CLANG_WARN_CONSTANT_CONVERSION = YES;
				CLANG_WARN_DEPRECATED_OBJC_IMPLEMENTATIONS = YES;
				CLANG_WARN_DIRECT_OBJC_ISA_USAGE = YES_ERROR;
				CLANG_WARN_DOCUMENTATION_COMMENTS = YES;
				CLANG_WARN_EMPTY_BODY = YES;
				CLANG_WARN_ENUM_CONVERSION = YES;
				CLANG_WARN_INFINITE_RECURSION = YES;
				CLANG_WARN_INT_CONVERSION = YES;
				CLANG_WARN_NON_LITERAL_NULL_CONVERSION = YES;
				CLANG_WARN_OBJC_IMPLICIT_RETAIN_SELF = YES;
				CLANG_WARN_OBJC_LITERAL_CONVERSION = YES;
				CLANG_WARN_OBJC_ROOT_CLASS = YES_ERROR;
				CLANG_WARN_QUOTED_INCLUDE_IN_FRAMEWORK_HEADER = YES;
				CLANG_WARN_RANGE_LOOP_ANALYSIS = YES;
				CLANG_WARN_STRICT_PROTOTYPES = YES;
				CLANG_WARN_SUSPICIOUS_MOVE = YES;
				CLANG_WARN_UNGUARDED_AVAILABILITY = YES_AGGRESSIVE;
				CLANG_WARN_UNREACHABLE_CODE = YES;
				CLANG_WARN__DUPLICATE_METHOD_MATCH = YES;
				COPY_PHASE_STRIP = NO;
				DEBUG_INFORMATION_FORMAT = dwarf;
				ENABLE_STRICT_OBJC_MSGSEND = YES;
				ENABLE_TESTABILITY = YES;
				ENABLE_USER_SCRIPT_SANDBOXING = YES;
				GCC_C_LANGUAGE_STANDARD = gnu17;
				GCC_DYNAMIC_NO_PIC = NO;
				GCC_NO_COMMON_BLOCKS = YES;
				GCC_OPTIMIZATION_LEVEL = 0;
				GCC_PREPROCESSOR_DEFINITIONS = (
					"DEBUG=1",
					"$(inherited)",
				);
				GCC_WARN_64_TO_32_BIT_CONVERSION = YES;
				GCC_WARN_ABOUT_RETURN_TYPE = YES_ERROR;
				GCC_WARN_UNDECLARED_SELECTOR = YES;
				GCC_WARN_UNINITIALIZED_AUTOS = YES_AGGRESSIVE;
				GCC_WARN_UNUSED_FUNCTION = YES;
				GCC_WARN_UNUSED_VARIABLE = YES;
				IPHONEOS_DEPLOYMENT_TARGET = 17.5;
				LOCALIZATION_PREFERS_STRING_CATALOGS = YES;
				MTL_ENABLE_DEBUG_INFO = INCLUDE_SOURCE;
				MTL_FAST_MATH = YES;
				ONLY_ACTIVE_ARCH = YES;
				SDKROOT = iphoneos;
				SWIFT_ACTIVE_COMPILATION_CONDITIONS = "DEBUG $(inherited)";
				SWIFT_OPTIMIZATION_LEVEL = "-Onone";
			};
			name = Debug;
		};
		6581639D2C818C6200B57999 /* Release */ = {
			isa = XCBuildConfiguration;
			buildSettings = {
				ALWAYS_SEARCH_USER_PATHS = NO;
				ASSETCATALOG_COMPILER_GENERATE_SWIFT_ASSET_SYMBOL_EXTENSIONS = YES;
				CLANG_ANALYZER_NONNULL = YES;
				CLANG_ANALYZER_NUMBER_OBJECT_CONVERSION = YES_AGGRESSIVE;
				CLANG_CXX_LANGUAGE_STANDARD = "gnu++20";
				CLANG_ENABLE_MODULES = YES;
				CLANG_ENABLE_OBJC_ARC = YES;
				CLANG_ENABLE_OBJC_WEAK = YES;
				CLANG_WARN_BLOCK_CAPTURE_AUTORELEASING = YES;
				CLANG_WARN_BOOL_CONVERSION = YES;
				CLANG_WARN_COMMA = YES;
				CLANG_WARN_CONSTANT_CONVERSION = YES;
				CLANG_WARN_DEPRECATED_OBJC_IMPLEMENTATIONS = YES;
				CLANG_WARN_DIRECT_OBJC_ISA_USAGE = YES_ERROR;
				CLANG_WARN_DOCUMENTATION_COMMENTS = YES;
				CLANG_WARN_EMPTY_BODY = YES;
				CLANG_WARN_ENUM_CONVERSION = YES;
				CLANG_WARN_INFINITE_RECURSION = YES;
				CLANG_WARN_INT_CONVERSION = YES;
				CLANG_WARN_NON_LITERAL_NULL_CONVERSION = YES;
				CLANG_WARN_OBJC_IMPLICIT_RETAIN_SELF = YES;
				CLANG_WARN_OBJC_LITERAL_CONVERSION = YES;
				CLANG_WARN_OBJC_ROOT_CLASS = YES_ERROR;
				CLANG_WARN_QUOTED_INCLUDE_IN_FRAMEWORK_HEADER = YES;
				CLANG_WARN_RANGE_LOOP_ANALYSIS = YES;
				CLANG_WARN_STRICT_PROTOTYPES = YES;
				CLANG_WARN_SUSPICIOUS_MOVE = YES;
				CLANG_WARN_UNGUARDED_AVAILABILITY = YES_AGGRESSIVE;
				CLANG_WARN_UNREACHABLE_CODE = YES;
				CLANG_WARN__DUPLICATE_METHOD_MATCH = YES;
				COPY_PHASE_STRIP = NO;
				DEBUG_INFORMATION_FORMAT = "dwarf-with-dsym";
				ENABLE_NS_ASSERTIONS = NO;
				ENABLE_STRICT_OBJC_MSGSEND = YES;
				ENABLE_USER_SCRIPT_SANDBOXING = YES;
				GCC_C_LANGUAGE_STANDARD = gnu17;
				GCC_NO_COMMON_BLOCKS = YES;
				GCC_WARN_64_TO_32_BIT_CONVERSION = YES;
				GCC_WARN_ABOUT_RETURN_TYPE = YES_ERROR;
				GCC_WARN_UNDECLARED_SELECTOR = YES;
				GCC_WARN_UNINITIALIZED_AUTOS = YES_AGGRESSIVE;
				GCC_WARN_UNUSED_FUNCTION = YES;
				GCC_WARN_UNUSED_VARIABLE = YES;
				IPHONEOS_DEPLOYMENT_TARGET = 17.5;
				LOCALIZATION_PREFERS_STRING_CATALOGS = YES;
				MTL_ENABLE_DEBUG_INFO = NO;
				MTL_FAST_MATH = YES;
				SDKROOT = iphoneos;
				SWIFT_COMPILATION_MODE = wholemodule;
				VALIDATE_PRODUCT = YES;
			};
			name = Release;
		};
		6581639F2C818C6200B57999 /* Debug */ = {
			isa = XCBuildConfiguration;
			buildSettings = {
				ASSETCATALOG_COMPILER_APPICON_NAME = AppIcon;
				ASSETCATALOG_COMPILER_GLOBAL_ACCENT_COLOR_NAME = AccentColor;
				CODE_SIGN_STYLE = Automatic;
				CURRENT_PROJECT_VERSION = 1;
				DEVELOPMENT_ASSET_PATHS = "\"Poker/Preview Content\"";
				ENABLE_PREVIEWS = YES;
				GENERATE_INFOPLIST_FILE = YES;
				INFOPLIST_KEY_UIApplicationSceneManifest_Generation = YES;
				INFOPLIST_KEY_UIApplicationSupportsIndirectInputEvents = YES;
				INFOPLIST_KEY_UILaunchScreen_Generation = YES;
				INFOPLIST_KEY_UISupportedInterfaceOrientations_iPad = "UIInterfaceOrientationPortrait UIInterfaceOrientationPortraitUpsideDown UIInterfaceOrientationLandscapeLeft UIInterfaceOrientationLandscapeRight";
				INFOPLIST_KEY_UISupportedInterfaceOrientations_iPhone = "UIInterfaceOrientationPortrait UIInterfaceOrientationLandscapeLeft UIInterfaceOrientationLandscapeRight";
				LD_RUNPATH_SEARCH_PATHS = (
					"$(inherited)",
					"@executable_path/Frameworks",
				);
				MARKETING_VERSION = 1.0;
				OTHER_LDFLAGS = "-ObjC";
				PRODUCT_BUNDLE_IDENTIFIER = com.Poker;
				PRODUCT_NAME = "$(TARGET_NAME)";
				SWIFT_EMIT_LOC_STRINGS = YES;
				SWIFT_VERSION = 5.0;
				TARGETED_DEVICE_FAMILY = "1,2";
			};
			name = Debug;
		};
		658163A02C818C6200B57999 /* Release */ = {
			isa = XCBuildConfiguration;
			buildSettings = {
				ASSETCATALOG_COMPILER_APPICON_NAME = AppIcon;
				ASSETCATALOG_COMPILER_GLOBAL_ACCENT_COLOR_NAME = AccentColor;
				CODE_SIGN_STYLE = Automatic;
				CURRENT_PROJECT_VERSION = 1;
				DEVELOPMENT_ASSET_PATHS = "\"Poker/Preview Content\"";
				ENABLE_PREVIEWS = YES;
				GENERATE_INFOPLIST_FILE = YES;
				INFOPLIST_KEY_UIApplicationSceneManifest_Generation = YES;
				INFOPLIST_KEY_UIApplicationSupportsIndirectInputEvents = YES;
				INFOPLIST_KEY_UILaunchScreen_Generation = YES;
				INFOPLIST_KEY_UISupportedInterfaceOrientations_iPad = "UIInterfaceOrientationPortrait UIInterfaceOrientationPortraitUpsideDown UIInterfaceOrientationLandscapeLeft UIInterfaceOrientationLandscapeRight";
				INFOPLIST_KEY_UISupportedInterfaceOrientations_iPhone = "UIInterfaceOrientationPortrait UIInterfaceOrientationLandscapeLeft UIInterfaceOrientationLandscapeRight";
				LD_RUNPATH_SEARCH_PATHS = (
					"$(inherited)",
					"@executable_path/Frameworks",
				);
				MARKETING_VERSION = 1.0;
				OTHER_LDFLAGS = "-ObjC";
				PRODUCT_BUNDLE_IDENTIFIER = com.Poker;
				PRODUCT_NAME = "$(TARGET_NAME)";
				SWIFT_EMIT_LOC_STRINGS = YES;
				SWIFT_VERSION = 5.0;
				TARGETED_DEVICE_FAMILY = "1,2";
			};
			name = Release;
		};
		658163A22C818C6200B57999 /* Debug */ = {
			isa = XCBuildConfiguration;
			buildSettings = {
				ALWAYS_EMBED_SWIFT_STANDARD_LIBRARIES = YES;
				BUNDLE_LOADER = "$(TEST_HOST)";
				CODE_SIGN_STYLE = Automatic;
				CURRENT_PROJECT_VERSION = 1;
				GENERATE_INFOPLIST_FILE = YES;
				IPHONEOS_DEPLOYMENT_TARGET = 17.5;
				MARKETING_VERSION = 1.0;
				PRODUCT_BUNDLE_IDENTIFIER = com.PokerTests;
				PRODUCT_NAME = "$(TARGET_NAME)";
				SWIFT_EMIT_LOC_STRINGS = NO;
				SWIFT_VERSION = 5.0;
				TARGETED_DEVICE_FAMILY = "1,2";
				TEST_HOST = "$(BUILT_PRODUCTS_DIR)/Poker.app/$(BUNDLE_EXECUTABLE_FOLDER_PATH)/Poker";
			};
			name = Debug;
		};
		658163A32C818C6200B57999 /* Release */ = {
			isa = XCBuildConfiguration;
			buildSettings = {
				ALWAYS_EMBED_SWIFT_STANDARD_LIBRARIES = YES;
				BUNDLE_LOADER = "$(TEST_HOST)";
				CODE_SIGN_STYLE = Automatic;
				CURRENT_PROJECT_VERSION = 1;
				GENERATE_INFOPLIST_FILE = YES;
				IPHONEOS_DEPLOYMENT_TARGET = 17.5;
				MARKETING_VERSION = 1.0;
				PRODUCT_BUNDLE_IDENTIFIER = com.PokerTests;
				PRODUCT_NAME = "$(TARGET_NAME)";
				SWIFT_EMIT_LOC_STRINGS = NO;
				SWIFT_VERSION = 5.0;
				TARGETED_DEVICE_FAMILY = "1,2";
				TEST_HOST = "$(BUILT_PRODUCTS_DIR)/Poker.app/$(BUNDLE_EXECUTABLE_FOLDER_PATH)/Poker";
			};
			name = Release;
		};
		658163A52C818C6200B57999 /* Debug */ = {
			isa = XCBuildConfiguration;
			buildSettings = {
				ALWAYS_EMBED_SWIFT_STANDARD_LIBRARIES = YES;
				CODE_SIGN_STYLE = Automatic;
				CURRENT_PROJECT_VERSION = 1;
				GENERATE_INFOPLIST_FILE = YES;
				MARKETING_VERSION = 1.0;
				PRODUCT_BUNDLE_IDENTIFIER = com.PokerUITests;
				PRODUCT_NAME = "$(TARGET_NAME)";
				SWIFT_EMIT_LOC_STRINGS = NO;
				SWIFT_VERSION = 5.0;
				TARGETED_DEVICE_FAMILY = "1,2";
				TEST_TARGET_NAME = Poker;
			};
			name = Debug;
		};
		658163A62C818C6200B57999 /* Release */ = {
			isa = XCBuildConfiguration;
			buildSettings = {
				ALWAYS_EMBED_SWIFT_STANDARD_LIBRARIES = YES;
				CODE_SIGN_STYLE = Automatic;
				CURRENT_PROJECT_VERSION = 1;
				GENERATE_INFOPLIST_FILE = YES;
				MARKETING_VERSION = 1.0;
				PRODUCT_BUNDLE_IDENTIFIER = com.PokerUITests;
				PRODUCT_NAME = "$(TARGET_NAME)";
				SWIFT_EMIT_LOC_STRINGS = NO;
				SWIFT_VERSION = 5.0;
				TARGETED_DEVICE_FAMILY = "1,2";
				TEST_TARGET_NAME = Poker;
			};
			name = Release;
		};
/* End XCBuildConfiguration section */

/* Begin XCConfigurationList section */
		658163752C818C5F00B57999 /* Build configuration list for PBXProject "Poker" */ = {
			isa = XCConfigurationList;
			buildConfigurations = (
				6581639C2C818C6200B57999 /* Debug */,
				6581639D2C818C6200B57999 /* Release */,
			);
			defaultConfigurationIsVisible = 0;
			defaultConfigurationName = Release;
		};
		6581639E2C818C6200B57999 /* Build configuration list for PBXNativeTarget "Poker" */ = {
			isa = XCConfigurationList;
			buildConfigurations = (
				6581639F2C818C6200B57999 /* Debug */,
				658163A02C818C6200B57999 /* Release */,
			);
			defaultConfigurationIsVisible = 0;
			defaultConfigurationName = Release;
		};
		658163A12C818C6200B57999 /* Build configuration list for PBXNativeTarget "PokerTests" */ = {
			isa = XCConfigurationList;
			buildConfigurations = (
				658163A22C818C6200B57999 /* Debug */,
				658163A32C818C6200B57999 /* Release */,
			);
			defaultConfigurationIsVisible = 0;
			defaultConfigurationName = Release;
		};
		658163A42C818C6200B57999 /* Build configuration list for PBXNativeTarget "PokerUITests" */ = {
			isa = XCConfigurationList;
			buildConfigurations = (
				658163A52C818C6200B57999 /* Debug */,
				658163A62C818C6200B57999 /* Release */,
			);
			defaultConfigurationIsVisible = 0;
			defaultConfigurationName = Release;
		};
/* End XCConfigurationList section */

/* Begin XCRemoteSwiftPackageReference section */
		65EDDDA92C8A88410064F8F9 /* XCRemoteSwiftPackageReference "firebase-ios-sdk" */ = {
			isa = XCRemoteSwiftPackageReference;
			repositoryURL = "https://github.com/firebase/firebase-ios-sdk";
			requirement = {
				kind = upToNextMajorVersion;
				minimumVersion = 11.1.0;
			};
		};
		65EDDDE62C8B80290064F8F9 /* XCRemoteSwiftPackageReference "example-package-dealer" */ = {
			isa = XCRemoteSwiftPackageReference;
			repositoryURL = "https://github.com/apple/example-package-dealer.git";
			requirement = {
				kind = upToNextMajorVersion;
				minimumVersion = 2.0.0;
			};
		};
		65EDDDED2C8BBCBA0064F8F9 /* XCRemoteSwiftPackageReference "example-package-deckofplayingcards" */ = {
			isa = XCRemoteSwiftPackageReference;
			repositoryURL = "https://github.com/apple/example-package-deckofplayingcards.git";
			requirement = {
				kind = upToNextMajorVersion;
				minimumVersion = 3.0.4;
			};
		};
/* End XCRemoteSwiftPackageReference section */

/* Begin XCSwiftPackageProductDependency section */
		65EDDDB22C8AC9060064F8F9 /* FirebaseAnalytics */ = {
			isa = XCSwiftPackageProductDependency;
			package = 65EDDDA92C8A88410064F8F9 /* XCRemoteSwiftPackageReference "firebase-ios-sdk" */;
			productName = FirebaseAnalytics;
		};
		65EDDDB42C8AC91E0064F8F9 /* FirebaseAnalyticsOnDeviceConversion */ = {
			isa = XCSwiftPackageProductDependency;
			package = 65EDDDA92C8A88410064F8F9 /* XCRemoteSwiftPackageReference "firebase-ios-sdk" */;
			productName = FirebaseAnalyticsOnDeviceConversion;
		};
		65EDDDB62C8AC91E0064F8F9 /* FirebaseAnalyticsWithoutAdIdSupport */ = {
			isa = XCSwiftPackageProductDependency;
			package = 65EDDDA92C8A88410064F8F9 /* XCRemoteSwiftPackageReference "firebase-ios-sdk" */;
			productName = FirebaseAnalyticsWithoutAdIdSupport;
		};
		65EDDDB82C8AC91E0064F8F9 /* FirebaseAppCheck */ = {
			isa = XCSwiftPackageProductDependency;
			package = 65EDDDA92C8A88410064F8F9 /* XCRemoteSwiftPackageReference "firebase-ios-sdk" */;
			productName = FirebaseAppCheck;
		};
		65EDDDBA2C8AC91E0064F8F9 /* FirebaseAppDistribution-Beta */ = {
			isa = XCSwiftPackageProductDependency;
			package = 65EDDDA92C8A88410064F8F9 /* XCRemoteSwiftPackageReference "firebase-ios-sdk" */;
			productName = "FirebaseAppDistribution-Beta";
		};
		65EDDDBC2C8AC91E0064F8F9 /* FirebaseAuth */ = {
			isa = XCSwiftPackageProductDependency;
			package = 65EDDDA92C8A88410064F8F9 /* XCRemoteSwiftPackageReference "firebase-ios-sdk" */;
			productName = FirebaseAuth;
		};
		65EDDDBE2C8AC91E0064F8F9 /* FirebaseAuthCombine-Community */ = {
			isa = XCSwiftPackageProductDependency;
			package = 65EDDDA92C8A88410064F8F9 /* XCRemoteSwiftPackageReference "firebase-ios-sdk" */;
			productName = "FirebaseAuthCombine-Community";
		};
		65EDDDC02C8AC91E0064F8F9 /* FirebaseCrashlytics */ = {
			isa = XCSwiftPackageProductDependency;
			package = 65EDDDA92C8A88410064F8F9 /* XCRemoteSwiftPackageReference "firebase-ios-sdk" */;
			productName = FirebaseCrashlytics;
		};
		65EDDDC22C8AC91E0064F8F9 /* FirebaseDatabase */ = {
			isa = XCSwiftPackageProductDependency;
			package = 65EDDDA92C8A88410064F8F9 /* XCRemoteSwiftPackageReference "firebase-ios-sdk" */;
			productName = FirebaseDatabase;
		};
		65EDDDC42C8AC91E0064F8F9 /* FirebaseDynamicLinks */ = {
			isa = XCSwiftPackageProductDependency;
			package = 65EDDDA92C8A88410064F8F9 /* XCRemoteSwiftPackageReference "firebase-ios-sdk" */;
			productName = FirebaseDynamicLinks;
		};
		65EDDDC62C8AC91E0064F8F9 /* FirebaseFirestore */ = {
			isa = XCSwiftPackageProductDependency;
			package = 65EDDDA92C8A88410064F8F9 /* XCRemoteSwiftPackageReference "firebase-ios-sdk" */;
			productName = FirebaseFirestore;
		};
		65EDDDC82C8AC91E0064F8F9 /* FirebaseFirestoreCombine-Community */ = {
			isa = XCSwiftPackageProductDependency;
			package = 65EDDDA92C8A88410064F8F9 /* XCRemoteSwiftPackageReference "firebase-ios-sdk" */;
			productName = "FirebaseFirestoreCombine-Community";
		};
		65EDDDCA2C8AC91E0064F8F9 /* FirebaseFunctions */ = {
			isa = XCSwiftPackageProductDependency;
			package = 65EDDDA92C8A88410064F8F9 /* XCRemoteSwiftPackageReference "firebase-ios-sdk" */;
			productName = FirebaseFunctions;
		};
		65EDDDCC2C8AC91E0064F8F9 /* FirebaseFunctionsCombine-Community */ = {
			isa = XCSwiftPackageProductDependency;
			package = 65EDDDA92C8A88410064F8F9 /* XCRemoteSwiftPackageReference "firebase-ios-sdk" */;
			productName = "FirebaseFunctionsCombine-Community";
		};
		65EDDDCE2C8AC91E0064F8F9 /* FirebaseInAppMessaging-Beta */ = {
			isa = XCSwiftPackageProductDependency;
			package = 65EDDDA92C8A88410064F8F9 /* XCRemoteSwiftPackageReference "firebase-ios-sdk" */;
			productName = "FirebaseInAppMessaging-Beta";
		};
		65EDDDD02C8AC91E0064F8F9 /* FirebaseInstallations */ = {
			isa = XCSwiftPackageProductDependency;
			package = 65EDDDA92C8A88410064F8F9 /* XCRemoteSwiftPackageReference "firebase-ios-sdk" */;
			productName = FirebaseInstallations;
		};
		65EDDDD22C8AC91E0064F8F9 /* FirebaseMessaging */ = {
			isa = XCSwiftPackageProductDependency;
			package = 65EDDDA92C8A88410064F8F9 /* XCRemoteSwiftPackageReference "firebase-ios-sdk" */;
			productName = FirebaseMessaging;
		};
		65EDDDD42C8AC91E0064F8F9 /* FirebaseMLModelDownloader */ = {
			isa = XCSwiftPackageProductDependency;
			package = 65EDDDA92C8A88410064F8F9 /* XCRemoteSwiftPackageReference "firebase-ios-sdk" */;
			productName = FirebaseMLModelDownloader;
		};
		65EDDDD62C8AC91E0064F8F9 /* FirebasePerformance */ = {
			isa = XCSwiftPackageProductDependency;
			package = 65EDDDA92C8A88410064F8F9 /* XCRemoteSwiftPackageReference "firebase-ios-sdk" */;
			productName = FirebasePerformance;
		};
		65EDDDD82C8AC91E0064F8F9 /* FirebaseRemoteConfig */ = {
			isa = XCSwiftPackageProductDependency;
			package = 65EDDDA92C8A88410064F8F9 /* XCRemoteSwiftPackageReference "firebase-ios-sdk" */;
			productName = FirebaseRemoteConfig;
		};
		65EDDDDA2C8AC91E0064F8F9 /* FirebaseStorage */ = {
			isa = XCSwiftPackageProductDependency;
			package = 65EDDDA92C8A88410064F8F9 /* XCRemoteSwiftPackageReference "firebase-ios-sdk" */;
			productName = FirebaseStorage;
		};
		65EDDDDC2C8AC91E0064F8F9 /* FirebaseStorageCombine-Community */ = {
			isa = XCSwiftPackageProductDependency;
			package = 65EDDDA92C8A88410064F8F9 /* XCRemoteSwiftPackageReference "firebase-ios-sdk" */;
			productName = "FirebaseStorageCombine-Community";
		};
		65EDDDDE2C8AC91E0064F8F9 /* FirebaseVertexAI-Preview */ = {
			isa = XCSwiftPackageProductDependency;
			package = 65EDDDA92C8A88410064F8F9 /* XCRemoteSwiftPackageReference "firebase-ios-sdk" */;
			productName = "FirebaseVertexAI-Preview";
		};
		65EDDDEB2C8BAE790064F8F9 /* Dealer */ = {
			isa = XCSwiftPackageProductDependency;
			package = 65EDDDE62C8B80290064F8F9 /* XCRemoteSwiftPackageReference "example-package-dealer" */;
			productName = Dealer;
		};
		65EDDDEE2C8BBCBA0064F8F9 /* DeckOfPlayingCards */ = {
			isa = XCSwiftPackageProductDependency;
			package = 65EDDDED2C8BBCBA0064F8F9 /* XCRemoteSwiftPackageReference "example-package-deckofplayingcards" */;
			productName = DeckOfPlayingCards;
		};
/* End XCSwiftPackageProductDependency section */
	};
	rootObject = 658163722C818C5F00B57999 /* Project object */;
}
